
Microsoft Visual Studio Solution File, Format Version 12.00
# Visual Studio 15
VisualStudioVersion = 15.0.27428.2027
MinimumVisualStudioVersion = 10.0.40219.1
Project("{FAE04EC0-301F-11D3-BF4B-00C04F79EFBC}") = "Common", "Common\Common.csproj", "{581DC1C2-BF92-471F-B6E4-4E37B436E645}"
EndProject
Global
	GlobalSection(SolutionConfigurationPlatforms) = preSolution
		Debug|Any CPU = Debug|Any CPU
		Release|Any CPU = Release|Any CPU
	EndGlobalSection
	GlobalSection(ProjectConfigurationPlatforms) = postSolution
		{581DC1C2-BF92-471F-B6E4-4E37B436E645}.Debug|Any CPU.ActiveCfg = Debug|Any CPU
		{581DC1C2-BF92-471F-B6E4-4E37B436E645}.Debug|Any CPU.Build.0 = Debug|Any CPU
		{581DC1C2-BF92-471F-B6E4-4E37B436E645}.Release|Any CPU.ActiveCfg = Release|Any CPU
		{581DC1C2-BF92-471F-B6E4-4E37B436E645}.Release|Any CPU.Build.0 = Release|Any CPU
	EndGlobalSection
	GlobalSection(SolutionProperties) = preSolution
		HideSolutionNode = FALSE
	EndGlobalSection
	GlobalSection(ExtensibilityGlobals) = postSolution
		SolutionGuid = {5A2BF445-3F29-4332-A72A-9219D9CC140A}
	EndGlobalSection
EndGlobal
